// !$*UTF8*$!
{
	archiveVersion = 1;
	classes = {
	};
	objectVersion = 56;
	objects = {

/* Begin PBXBuildFile section */
		0C4AEBD5296854E000D5DD40 /* AppDelegate.swift in Sources */ = {isa = PBXBuildFile; fileRef = 0C4AEBD4296854E000D5DD40 /* AppDelegate.swift */; };
		0C4AEBD7296854E000D5DD40 /* SceneDelegate.swift in Sources */ = {isa = PBXBuildFile; fileRef = 0C4AEBD6296854E000D5DD40 /* SceneDelegate.swift */; };
		0C4AEBD9296854E000D5DD40 /* ViewController.swift in Sources */ = {isa = PBXBuildFile; fileRef = 0C4AEBD8296854E000D5DD40 /* ViewController.swift */; };
		0C4AEBDC296854E000D5DD40 /* Main.storyboard in Resources */ = {isa = PBXBuildFile; fileRef = 0C4AEBDA296854E000D5DD40 /* Main.storyboard */; };
		0C4AEBDE296854E200D5DD40 /* Assets.xcassets in Resources */ = {isa = PBXBuildFile; fileRef = 0C4AEBDD296854E200D5DD40 /* Assets.xcassets */; };
		0C4AEBE1296854E200D5DD40 /* LaunchScreen.storyboard in Resources */ = {isa = PBXBuildFile; fileRef = 0C4AEBDF296854E200D5DD40 /* LaunchScreen.storyboard */; };
		0C4AEBE92968581D00D5DD40 /* MultistageController.swift in Sources */ = {isa = PBXBuildFile; fileRef = 0C4AEBE82968581D00D5DD40 /* MultistageController.swift */; };
		0C4AEBED296862F300D5DD40 /* QuestionModel.swift in Sources */ = {isa = PBXBuildFile; fileRef = 0C4AEBEC296862F300D5DD40 /* QuestionModel.swift */; };
		0C4AEBEF29686E1800D5DD40 /* MultistageCollectionViewCell.swift in Sources */ = {isa = PBXBuildFile; fileRef = 0C4AEBEE29686E1800D5DD40 /* MultistageCollectionViewCell.swift */; };
		0C4AEBF1296877C000D5DD40 /* MultistageHeaderReusableView.swift in Sources */ = {isa = PBXBuildFile; fileRef = 0C4AEBF0296877C000D5DD40 /* MultistageHeaderReusableView.swift */; };
		0C4AEBF42969BCA700D5DD40 /* MultistageCellButton.swift in Sources */ = {isa = PBXBuildFile; fileRef = 0C4AEBF32969BCA700D5DD40 /* MultistageCellButton.swift */; };
		0C4AEC01296B0B3A00D5DD40 /* TwoColumnsModel.swift in Sources */ = {isa = PBXBuildFile; fileRef = 0C4AEC00296B0B3A00D5DD40 /* TwoColumnsModel.swift */; };
		0C4AEC03296B0FA300D5DD40 /* TwoColumnsController.swift in Sources */ = {isa = PBXBuildFile; fileRef = 0C4AEC02296B0FA300D5DD40 /* TwoColumnsController.swift */; };
		0C4AEC06296B14B200D5DD40 /* UIButton + Extension.swift in Sources */ = {isa = PBXBuildFile; fileRef = 0C4AEC05296B14B200D5DD40 /* UIButton + Extension.swift */; };
		0C4AEC08296B16AF00D5DD40 /* TwoColumnsCell.swift in Sources */ = {isa = PBXBuildFile; fileRef = 0C4AEC07296B16AF00D5DD40 /* TwoColumnsCell.swift */; };
		0CE8FB5229705AB5009E14A0 /* TitleRatingStarController.swift in Sources */ = {isa = PBXBuildFile; fileRef = 0CE8FB5129705AB5009E14A0 /* TitleRatingStarController.swift */; };
		0CE8FB5729705B33009E14A0 /* TitleRatingStarCell.swift in Sources */ = {isa = PBXBuildFile; fileRef = 0CE8FB5629705B33009E14A0 /* TitleRatingStarCell.swift */; };
		0CE8FB5929705B4F009E14A0 /* TitleRatingStarModel.swift in Sources */ = {isa = PBXBuildFile; fileRef = 0CE8FB5829705B4F009E14A0 /* TitleRatingStarModel.swift */; };
		0CE8FB5C29705C8B009E14A0 /* StarStack.swift in Sources */ = {isa = PBXBuildFile; fileRef = 0CE8FB5B29705C8B009E14A0 /* StarStack.swift */; };
		0CF2FD52296C9F8A0022ADCD /* AnswerColumnsButton.swift in Sources */ = {isa = PBXBuildFile; fileRef = 0CF2FD51296C9F8A0022ADCD /* AnswerColumnsButton.swift */; };
/* End PBXBuildFile section */

/* Begin PBXFileReference section */
		0C4AEBD1296854E000D5DD40 /* VK AllCups 2022 part2.app */ = {isa = PBXFileReference; explicitFileType = wrapper.application; includeInIndex = 0; path = "VK AllCups 2022 part2.app"; sourceTree = BUILT_PRODUCTS_DIR; };
		0C4AEBD4296854E000D5DD40 /* AppDelegate.swift */ = {isa = PBXFileReference; lastKnownFileType = sourcecode.swift; path = AppDelegate.swift; sourceTree = "<group>"; };
		0C4AEBD6296854E000D5DD40 /* SceneDelegate.swift */ = {isa = PBXFileReference; lastKnownFileType = sourcecode.swift; path = SceneDelegate.swift; sourceTree = "<group>"; };
		0C4AEBD8296854E000D5DD40 /* ViewController.swift */ = {isa = PBXFileReference; lastKnownFileType = sourcecode.swift; path = ViewController.swift; sourceTree = "<group>"; };
		0C4AEBDB296854E000D5DD40 /* Base */ = {isa = PBXFileReference; lastKnownFileType = file.storyboard; name = Base; path = Base.lproj/Main.storyboard; sourceTree = "<group>"; };
		0C4AEBDD296854E200D5DD40 /* Assets.xcassets */ = {isa = PBXFileReference; lastKnownFileType = folder.assetcatalog; path = Assets.xcassets; sourceTree = "<group>"; };
		0C4AEBE0296854E200D5DD40 /* Base */ = {isa = PBXFileReference; lastKnownFileType = file.storyboard; name = Base; path = Base.lproj/LaunchScreen.storyboard; sourceTree = "<group>"; };
		0C4AEBE2296854E200D5DD40 /* Info.plist */ = {isa = PBXFileReference; lastKnownFileType = text.plist.xml; path = Info.plist; sourceTree = "<group>"; };
		0C4AEBE82968581D00D5DD40 /* MultistageController.swift */ = {isa = PBXFileReference; lastKnownFileType = sourcecode.swift; path = MultistageController.swift; sourceTree = "<group>"; };
		0C4AEBEC296862F300D5DD40 /* QuestionModel.swift */ = {isa = PBXFileReference; lastKnownFileType = sourcecode.swift; path = QuestionModel.swift; sourceTree = "<group>"; };
		0C4AEBEE29686E1800D5DD40 /* MultistageCollectionViewCell.swift */ = {isa = PBXFileReference; lastKnownFileType = sourcecode.swift; path = MultistageCollectionViewCell.swift; sourceTree = "<group>"; };
		0C4AEBF0296877C000D5DD40 /* MultistageHeaderReusableView.swift */ = {isa = PBXFileReference; lastKnownFileType = sourcecode.swift; path = MultistageHeaderReusableView.swift; sourceTree = "<group>"; };
		0C4AEBF32969BCA700D5DD40 /* MultistageCellButton.swift */ = {isa = PBXFileReference; lastKnownFileType = sourcecode.swift; path = MultistageCellButton.swift; sourceTree = "<group>"; };
		0C4AEC00296B0B3A00D5DD40 /* TwoColumnsModel.swift */ = {isa = PBXFileReference; lastKnownFileType = sourcecode.swift; path = TwoColumnsModel.swift; sourceTree = "<group>"; };
		0C4AEC02296B0FA300D5DD40 /* TwoColumnsController.swift */ = {isa = PBXFileReference; lastKnownFileType = sourcecode.swift; path = TwoColumnsController.swift; sourceTree = "<group>"; };
		0C4AEC05296B14B200D5DD40 /* UIButton + Extension.swift */ = {isa = PBXFileReference; lastKnownFileType = sourcecode.swift; path = "UIButton + Extension.swift"; sourceTree = "<group>"; };
		0C4AEC07296B16AF00D5DD40 /* TwoColumnsCell.swift */ = {isa = PBXFileReference; lastKnownFileType = sourcecode.swift; path = TwoColumnsCell.swift; sourceTree = "<group>"; };
		0CE8FB5129705AB5009E14A0 /* TitleRatingStarController.swift */ = {isa = PBXFileReference; lastKnownFileType = sourcecode.swift; path = TitleRatingStarController.swift; sourceTree = "<group>"; };
		0CE8FB5629705B33009E14A0 /* TitleRatingStarCell.swift */ = {isa = PBXFileReference; lastKnownFileType = sourcecode.swift; path = TitleRatingStarCell.swift; sourceTree = "<group>"; };
		0CE8FB5829705B4F009E14A0 /* TitleRatingStarModel.swift */ = {isa = PBXFileReference; lastKnownFileType = sourcecode.swift; path = TitleRatingStarModel.swift; sourceTree = "<group>"; };
		0CE8FB5B29705C8B009E14A0 /* StarStack.swift */ = {isa = PBXFileReference; lastKnownFileType = sourcecode.swift; path = StarStack.swift; sourceTree = "<group>"; };
		0CF2FD51296C9F8A0022ADCD /* AnswerColumnsButton.swift */ = {isa = PBXFileReference; lastKnownFileType = sourcecode.swift; path = AnswerColumnsButton.swift; sourceTree = "<group>"; };
/* End PBXFileReference section */

/* Begin PBXFrameworksBuildPhase section */
		0C4AEBCE296854E000D5DD40 /* Frameworks */ = {
			isa = PBXFrameworksBuildPhase;
			buildActionMask = 2147483647;
			files = (
			);
			runOnlyForDeploymentPostprocessing = 0;
		};
/* End PBXFrameworksBuildPhase section */

/* Begin PBXGroup section */
		0C4AEBC8296854E000D5DD40 = {
			isa = PBXGroup;
			children = (
				0C4AEBD3296854E000D5DD40 /* VK AllCups 2022 part2 */,
				0C4AEBD2296854E000D5DD40 /* Products */,
			);
			sourceTree = "<group>";
		};
		0C4AEBD2296854E000D5DD40 /* Products */ = {
			isa = PBXGroup;
			children = (
				0C4AEBD1296854E000D5DD40 /* VK AllCups 2022 part2.app */,
			);
			name = Products;
			sourceTree = "<group>";
		};
		0C4AEBD3296854E000D5DD40 /* VK AllCups 2022 part2 */ = {
			isa = PBXGroup;
			children = (
				0CE8FB5029705A71009E14A0 /* TitleRatingStar */,
				0CF60D11296DD343001626B4 /* DraggingItem */,
				0C4AEC04296B149100D5DD40 /* Extensions */,
				0C4AEBD4296854E000D5DD40 /* AppDelegate.swift */,
				0C4AEBD6296854E000D5DD40 /* SceneDelegate.swift */,
				0C4AEBFB296B0A2000D5DD40 /* TwoColumns */,
				0C4AEBEA296858EE00D5DD40 /* Multistage */,
				0C4AEBEB2968629300D5DD40 /* MainFlow */,
				0C4AEBDD296854E200D5DD40 /* Assets.xcassets */,
				0C4AEBDF296854E200D5DD40 /* LaunchScreen.storyboard */,
				0C4AEBE2296854E200D5DD40 /* Info.plist */,
			);
			path = "VK AllCups 2022 part2";
			sourceTree = "<group>";
		};
		0C4AEBEA296858EE00D5DD40 /* Multistage */ = {
			isa = PBXGroup;
			children = (
				0C4AEBF7296B08E400D5DD40 /* Model */,
				0C4AEBF22969BAA100D5DD40 /* Elements */,
				0C4AEBF8296B08FD00D5DD40 /* Controller */,
				0C4AEBF9296B090700D5DD40 /* View */,
			);
			path = Multistage;
			sourceTree = "<group>";
		};
		0C4AEBEB2968629300D5DD40 /* MainFlow */ = {
			isa = PBXGroup;
			children = (
				0C4AEBD8296854E000D5DD40 /* ViewController.swift */,
				0C4AEBDA296854E000D5DD40 /* Main.storyboard */,
			);
			path = MainFlow;
			sourceTree = "<group>";
		};
		0C4AEBF22969BAA100D5DD40 /* Elements */ = {
			isa = PBXGroup;
			children = (
				0C4AEBF32969BCA700D5DD40 /* MultistageCellButton.swift */,
			);
			path = Elements;
			sourceTree = "<group>";
		};
		0C4AEBF7296B08E400D5DD40 /* Model */ = {
			isa = PBXGroup;
			children = (
				0C4AEBEC296862F300D5DD40 /* QuestionModel.swift */,
			);
			path = Model;
			sourceTree = "<group>";
		};
		0C4AEBF8296B08FD00D5DD40 /* Controller */ = {
			isa = PBXGroup;
			children = (
				0C4AEBE82968581D00D5DD40 /* MultistageController.swift */,
			);
			path = Controller;
			sourceTree = "<group>";
		};
		0C4AEBF9296B090700D5DD40 /* View */ = {
			isa = PBXGroup;
			children = (
				0C4AEBEE29686E1800D5DD40 /* MultistageCollectionViewCell.swift */,
				0C4AEBF0296877C000D5DD40 /* MultistageHeaderReusableView.swift */,
			);
			path = View;
			sourceTree = "<group>";
		};
		0C4AEBFB296B0A2000D5DD40 /* TwoColumns */ = {
			isa = PBXGroup;
			children = (
				0CF2FD50296C9F4B0022ADCD /* Elements */,
				0C4AEBFF296B0AFA00D5DD40 /* View */,
				0C4AEBFE296B0AE400D5DD40 /* Controller */,
				0C4AEBFC296B0AD300D5DD40 /* Model */,
			);
			path = TwoColumns;
			sourceTree = "<group>";
		};
		0C4AEBFC296B0AD300D5DD40 /* Model */ = {
			isa = PBXGroup;
			children = (
				0C4AEC00296B0B3A00D5DD40 /* TwoColumnsModel.swift */,
			);
			path = Model;
			sourceTree = "<group>";
		};
		0C4AEBFE296B0AE400D5DD40 /* Controller */ = {
			isa = PBXGroup;
			children = (
				0C4AEC02296B0FA300D5DD40 /* TwoColumnsController.swift */,
			);
			path = Controller;
			sourceTree = "<group>";
		};
		0C4AEBFF296B0AFA00D5DD40 /* View */ = {
			isa = PBXGroup;
			children = (
				0C4AEC07296B16AF00D5DD40 /* TwoColumnsCell.swift */,
			);
			path = View;
			sourceTree = "<group>";
		};
		0C4AEC04296B149100D5DD40 /* Extensions */ = {
			isa = PBXGroup;
			children = (
				0C4AEC05296B14B200D5DD40 /* UIButton + Extension.swift */,
			);
			path = Extensions;
			sourceTree = "<group>";
		};
		0CE8FB5029705A71009E14A0 /* TitleRatingStar */ = {
			isa = PBXGroup;
			children = (
				0CE8FB5A29705C6D009E14A0 /* Elements */,
				0CE8FB5529705AF7009E14A0 /* Model */,
				0CE8FB5429705AF5009E14A0 /* View */,
				0CE8FB5329705AF1009E14A0 /* Controller */,
			);
			path = TitleRatingStar;
			sourceTree = "<group>";
		};
		0CE8FB5329705AF1009E14A0 /* Controller */ = {
			isa = PBXGroup;
			children = (
				0CE8FB5129705AB5009E14A0 /* TitleRatingStarController.swift */,
			);
			path = Controller;
			sourceTree = "<group>";
		};
		0CE8FB5429705AF5009E14A0 /* View */ = {
			isa = PBXGroup;
			children = (
				0CE8FB5629705B33009E14A0 /* TitleRatingStarCell.swift */,
			);
			path = View;
			sourceTree = "<group>";
		};
		0CE8FB5529705AF7009E14A0 /* Model */ = {
			isa = PBXGroup;
			children = (
				0CE8FB5829705B4F009E14A0 /* TitleRatingStarModel.swift */,
			);
			path = Model;
			sourceTree = "<group>";
		};
		0CE8FB5A29705C6D009E14A0 /* Elements */ = {
			isa = PBXGroup;
			children = (
				0CE8FB5B29705C8B009E14A0 /* StarStack.swift */,
			);
			path = Elements;
			sourceTree = "<group>";
		};
		0CF2FD50296C9F4B0022ADCD /* Elements */ = {
			isa = PBXGroup;
			children = (
				0CF2FD51296C9F8A0022ADCD /* AnswerColumnsButton.swift */,
			);
			path = Elements;
			sourceTree = "<group>";
		};
		0CF60D11296DD343001626B4 /* DraggingItem */ = {
			isa = PBXGroup;
			children = (
			);
			path = DraggingItem;
			sourceTree = "<group>";
		};
/* End PBXGroup section */

/* Begin PBXNativeTarget section */
		0C4AEBD0296854E000D5DD40 /* VK AllCups 2022 part2 */ = {
			isa = PBXNativeTarget;
			buildConfigurationList = 0C4AEBE5296854E200D5DD40 /* Build configuration list for PBXNativeTarget "VK AllCups 2022 part2" */;
			buildPhases = (
				0C4AEBCD296854E000D5DD40 /* Sources */,
				0C4AEBCE296854E000D5DD40 /* Frameworks */,
				0C4AEBCF296854E000D5DD40 /* Resources */,
			);
			buildRules = (
			);
			dependencies = (
			);
			name = "VK AllCups 2022 part2";
			productName = "VK AllCups 2022 part2";
			productReference = 0C4AEBD1296854E000D5DD40 /* VK AllCups 2022 part2.app */;
			productType = "com.apple.product-type.application";
		};
/* End PBXNativeTarget section */

/* Begin PBXProject section */
		0C4AEBC9296854E000D5DD40 /* Project object */ = {
			isa = PBXProject;
			attributes = {
				BuildIndependentTargetsInParallel = 1;
				LastSwiftUpdateCheck = 1400;
				LastUpgradeCheck = 1400;
				TargetAttributes = {
					0C4AEBD0296854E000D5DD40 = {
						CreatedOnToolsVersion = 14.0.1;
					};
				};
			};
			buildConfigurationList = 0C4AEBCC296854E000D5DD40 /* Build configuration list for PBXProject "VK AllCups 2022 part2" */;
			compatibilityVersion = "Xcode 14.0";
			developmentRegion = en;
			hasScannedForEncodings = 0;
			knownRegions = (
				en,
				Base,
			);
			mainGroup = 0C4AEBC8296854E000D5DD40;
			productRefGroup = 0C4AEBD2296854E000D5DD40 /* Products */;
			projectDirPath = "";
			projectRoot = "";
			targets = (
				0C4AEBD0296854E000D5DD40 /* VK AllCups 2022 part2 */,
			);
		};
/* End PBXProject section */

/* Begin PBXResourcesBuildPhase section */
		0C4AEBCF296854E000D5DD40 /* Resources */ = {
			isa = PBXResourcesBuildPhase;
			buildActionMask = 2147483647;
			files = (
				0C4AEBE1296854E200D5DD40 /* LaunchScreen.storyboard in Resources */,
				0C4AEBDE296854E200D5DD40 /* Assets.xcassets in Resources */,
				0C4AEBDC296854E000D5DD40 /* Main.storyboard in Resources */,
			);
			runOnlyForDeploymentPostprocessing = 0;
		};
/* End PBXResourcesBuildPhase section */

/* Begin PBXSourcesBuildPhase section */
		0C4AEBCD296854E000D5DD40 /* Sources */ = {
			isa = PBXSourcesBuildPhase;
			buildActionMask = 2147483647;
			files = (
				0CF2FD52296C9F8A0022ADCD /* AnswerColumnsButton.swift in Sources */,
				0C4AEBF42969BCA700D5DD40 /* MultistageCellButton.swift in Sources */,
				0C4AEC06296B14B200D5DD40 /* UIButton + Extension.swift in Sources */,
				0CE8FB5229705AB5009E14A0 /* TitleRatingStarController.swift in Sources */,
				0C4AEC08296B16AF00D5DD40 /* TwoColumnsCell.swift in Sources */,
				0CE8FB5C29705C8B009E14A0 /* StarStack.swift in Sources */,
				0C4AEBE92968581D00D5DD40 /* MultistageController.swift in Sources */,
				0C4AEBEF29686E1800D5DD40 /* MultistageCollectionViewCell.swift in Sources */,
				0CE8FB5929705B4F009E14A0 /* TitleRatingStarModel.swift in Sources */,
				0C4AEC03296B0FA300D5DD40 /* TwoColumnsController.swift in Sources */,
				0C4AEBD9296854E000D5DD40 /* ViewController.swift in Sources */,
				0C4AEBD5296854E000D5DD40 /* AppDelegate.swift in Sources */,
				0C4AEC01296B0B3A00D5DD40 /* TwoColumnsModel.swift in Sources */,
				0CE8FB5729705B33009E14A0 /* TitleRatingStarCell.swift in Sources */,
				0C4AEBF1296877C000D5DD40 /* MultistageHeaderReusableView.swift in Sources */,
				0C4AEBD7296854E000D5DD40 /* SceneDelegate.swift in Sources */,
				0C4AEBED296862F300D5DD40 /* QuestionModel.swift in Sources */,
			);
			runOnlyForDeploymentPostprocessing = 0;
		};
/* End PBXSourcesBuildPhase section */

/* Begin PBXVariantGroup section */
		0C4AEBDA296854E000D5DD40 /* Main.storyboard */ = {
			isa = PBXVariantGroup;
			children = (
				0C4AEBDB296854E000D5DD40 /* Base */,
			);
			name = Main.storyboard;
			sourceTree = "<group>";
		};
		0C4AEBDF296854E200D5DD40 /* LaunchScreen.storyboard */ = {
			isa = PBXVariantGroup;
			children = (
				0C4AEBE0296854E200D5DD40 /* Base */,
			);
			name = LaunchScreen.storyboard;
			sourceTree = "<group>";
		};
/* End PBXVariantGroup section */

/* Begin XCBuildConfiguration section */
		0C4AEBE3296854E200D5DD40 /* Debug */ = {
			isa = XCBuildConfiguration;
			buildSettings = {
				ALWAYS_SEARCH_USER_PATHS = NO;
				CLANG_ANALYZER_NONNULL = YES;
				CLANG_ANALYZER_NUMBER_OBJECT_CONVERSION = YES_AGGRESSIVE;
				CLANG_CXX_LANGUAGE_STANDARD = "gnu++20";
				CLANG_ENABLE_MODULES = YES;
				CLANG_ENABLE_OBJC_ARC = YES;
				CLANG_ENABLE_OBJC_WEAK = YES;
				CLANG_WARN_BLOCK_CAPTURE_AUTORELEASING = YES;
				CLANG_WARN_BOOL_CONVERSION = YES;
				CLANG_WARN_COMMA = YES;
				CLANG_WARN_CONSTANT_CONVERSION = YES;
				CLANG_WARN_DEPRECATED_OBJC_IMPLEMENTATIONS = YES;
				CLANG_WARN_DIRECT_OBJC_ISA_USAGE = YES_ERROR;
				CLANG_WARN_DOCUMENTATION_COMMENTS = YES;
				CLANG_WARN_EMPTY_BODY = YES;
				CLANG_WARN_ENUM_CONVERSION = YES;
				CLANG_WARN_INFINITE_RECURSION = YES;
				CLANG_WARN_INT_CONVERSION = YES;
				CLANG_WARN_NON_LITERAL_NULL_CONVERSION = YES;
				CLANG_WARN_OBJC_IMPLICIT_RETAIN_SELF = YES;
				CLANG_WARN_OBJC_LITERAL_CONVERSION = YES;
				CLANG_WARN_OBJC_ROOT_CLASS = YES_ERROR;
				CLANG_WARN_QUOTED_INCLUDE_IN_FRAMEWORK_HEADER = YES;
				CLANG_WARN_RANGE_LOOP_ANALYSIS = YES;
				CLANG_WARN_STRICT_PROTOTYPES = YES;
				CLANG_WARN_SUSPICIOUS_MOVE = YES;
				CLANG_WARN_UNGUARDED_AVAILABILITY = YES_AGGRESSIVE;
				CLANG_WARN_UNREACHABLE_CODE = YES;
				CLANG_WARN__DUPLICATE_METHOD_MATCH = YES;
				COPY_PHASE_STRIP = NO;
				DEBUG_INFORMATION_FORMAT = dwarf;
				ENABLE_STRICT_OBJC_MSGSEND = YES;
				ENABLE_TESTABILITY = YES;
				GCC_C_LANGUAGE_STANDARD = gnu11;
				GCC_DYNAMIC_NO_PIC = NO;
				GCC_NO_COMMON_BLOCKS = YES;
				GCC_OPTIMIZATION_LEVEL = 0;
				GCC_PREPROCESSOR_DEFINITIONS = (
					"DEBUG=1",
					"$(inherited)",
				);
				GCC_WARN_64_TO_32_BIT_CONVERSION = YES;
				GCC_WARN_ABOUT_RETURN_TYPE = YES_ERROR;
				GCC_WARN_UNDECLARED_SELECTOR = YES;
				GCC_WARN_UNINITIALIZED_AUTOS = YES_AGGRESSIVE;
				GCC_WARN_UNUSED_FUNCTION = YES;
				GCC_WARN_UNUSED_VARIABLE = YES;
				IPHONEOS_DEPLOYMENT_TARGET = 16.0;
				MTL_ENABLE_DEBUG_INFO = INCLUDE_SOURCE;
				MTL_FAST_MATH = YES;
				ONLY_ACTIVE_ARCH = YES;
				SDKROOT = iphoneos;
				SWIFT_ACTIVE_COMPILATION_CONDITIONS = DEBUG;
				SWIFT_OPTIMIZATION_LEVEL = "-Onone";
			};
			name = Debug;
		};
		0C4AEBE4296854E200D5DD40 /* Release */ = {
			isa = XCBuildConfiguration;
			buildSettings = {
				ALWAYS_SEARCH_USER_PATHS = NO;
				CLANG_ANALYZER_NONNULL = YES;
				CLANG_ANALYZER_NUMBER_OBJECT_CONVERSION = YES_AGGRESSIVE;
				CLANG_CXX_LANGUAGE_STANDARD = "gnu++20";
				CLANG_ENABLE_MODULES = YES;
				CLANG_ENABLE_OBJC_ARC = YES;
				CLANG_ENABLE_OBJC_WEAK = YES;
				CLANG_WARN_BLOCK_CAPTURE_AUTORELEASING = YES;
				CLANG_WARN_BOOL_CONVERSION = YES;
				CLANG_WARN_COMMA = YES;
				CLANG_WARN_CONSTANT_CONVERSION = YES;
				CLANG_WARN_DEPRECATED_OBJC_IMPLEMENTATIONS = YES;
				CLANG_WARN_DIRECT_OBJC_ISA_USAGE = YES_ERROR;
				CLANG_WARN_DOCUMENTATION_COMMENTS = YES;
				CLANG_WARN_EMPTY_BODY = YES;
				CLANG_WARN_ENUM_CONVERSION = YES;
				CLANG_WARN_INFINITE_RECURSION = YES;
				CLANG_WARN_INT_CONVERSION = YES;
				CLANG_WARN_NON_LITERAL_NULL_CONVERSION = YES;
				CLANG_WARN_OBJC_IMPLICIT_RETAIN_SELF = YES;
				CLANG_WARN_OBJC_LITERAL_CONVERSION = YES;
				CLANG_WARN_OBJC_ROOT_CLASS = YES_ERROR;
				CLANG_WARN_QUOTED_INCLUDE_IN_FRAMEWORK_HEADER = YES;
				CLANG_WARN_RANGE_LOOP_ANALYSIS = YES;
				CLANG_WARN_STRICT_PROTOTYPES = YES;
				CLANG_WARN_SUSPICIOUS_MOVE = YES;
				CLANG_WARN_UNGUARDED_AVAILABILITY = YES_AGGRESSIVE;
				CLANG_WARN_UNREACHABLE_CODE = YES;
				CLANG_WARN__DUPLICATE_METHOD_MATCH = YES;
				COPY_PHASE_STRIP = NO;
				DEBUG_INFORMATION_FORMAT = "dwarf-with-dsym";
				ENABLE_NS_ASSERTIONS = NO;
				ENABLE_STRICT_OBJC_MSGSEND = YES;
				GCC_C_LANGUAGE_STANDARD = gnu11;
				GCC_NO_COMMON_BLOCKS = YES;
				GCC_WARN_64_TO_32_BIT_CONVERSION = YES;
				GCC_WARN_ABOUT_RETURN_TYPE = YES_ERROR;
				GCC_WARN_UNDECLARED_SELECTOR = YES;
				GCC_WARN_UNINITIALIZED_AUTOS = YES_AGGRESSIVE;
				GCC_WARN_UNUSED_FUNCTION = YES;
				GCC_WARN_UNUSED_VARIABLE = YES;
				IPHONEOS_DEPLOYMENT_TARGET = 16.0;
				MTL_ENABLE_DEBUG_INFO = NO;
				MTL_FAST_MATH = YES;
				SDKROOT = iphoneos;
				SWIFT_COMPILATION_MODE = wholemodule;
				SWIFT_OPTIMIZATION_LEVEL = "-O";
				VALIDATE_PRODUCT = YES;
			};
			name = Release;
		};
		0C4AEBE6296854E200D5DD40 /* Debug */ = {
			isa = XCBuildConfiguration;
			buildSettings = {
				ASSETCATALOG_COMPILER_APPICON_NAME = AppIcon;
				ASSETCATALOG_COMPILER_GLOBAL_ACCENT_COLOR_NAME = AccentColor;
				CODE_SIGN_STYLE = Automatic;
				CURRENT_PROJECT_VERSION = 1;
				DEVELOPMENT_TEAM = W856DM7S8L;
				GENERATE_INFOPLIST_FILE = YES;
				INFOPLIST_FILE = "VK AllCups 2022 part2/Info.plist";
				INFOPLIST_KEY_UIApplicationSupportsIndirectInputEvents = YES;
				INFOPLIST_KEY_UILaunchStoryboardName = LaunchScreen;
				INFOPLIST_KEY_UIMainStoryboardFile = Main;
				INFOPLIST_KEY_UISupportedInterfaceOrientations_iPad = "UIInterfaceOrientationPortrait UIInterfaceOrientationPortraitUpsideDown UIInterfaceOrientationLandscapeLeft UIInterfaceOrientationLandscapeRight";
				INFOPLIST_KEY_UISupportedInterfaceOrientations_iPhone = "UIInterfaceOrientationPortrait UIInterfaceOrientationLandscapeLeft UIInterfaceOrientationLandscapeRight";
				LD_RUNPATH_SEARCH_PATHS = (
					"$(inherited)",
					"@executable_path/Frameworks",
				);
				MARKETING_VERSION = 1.0;
				PRODUCT_BUNDLE_IDENTIFIER = "com.Djinsolobzik.VK-AllCups-2022-part2";
				PRODUCT_NAME = "$(TARGET_NAME)";
				SWIFT_EMIT_LOC_STRINGS = YES;
				SWIFT_VERSION = 5.0;
				TARGETED_DEVICE_FAMILY = "1,2";
			};
			name = Debug;
		};
		0C4AEBE7296854E200D5DD40 /* Release */ = {
			isa = XCBuildConfiguration;
			buildSettings = {
				ASSETCATALOG_COMPILER_APPICON_NAME = AppIcon;
				ASSETCATALOG_COMPILER_GLOBAL_ACCENT_COLOR_NAME = AccentColor;
				CODE_SIGN_STYLE = Automatic;
				CURRENT_PROJECT_VERSION = 1;
				DEVELOPMENT_TEAM = W856DM7S8L;
				GENERATE_INFOPLIST_FILE = YES;
				INFOPLIST_FILE = "VK AllCups 2022 part2/Info.plist";
				INFOPLIST_KEY_UIApplicationSupportsIndirectInputEvents = YES;
				INFOPLIST_KEY_UILaunchStoryboardName = LaunchScreen;
				INFOPLIST_KEY_UIMainStoryboardFile = Main;
				INFOPLIST_KEY_UISupportedInterfaceOrientations_iPad = "UIInterfaceOrientationPortrait UIInterfaceOrientationPortraitUpsideDown UIInterfaceOrientationLandscapeLeft UIInterfaceOrientationLandscapeRight";
				INFOPLIST_KEY_UISupportedInterfaceOrientations_iPhone = "UIInterfaceOrientationPortrait UIInterfaceOrientationLandscapeLeft UIInterfaceOrientationLandscapeRight";
				LD_RUNPATH_SEARCH_PATHS = (
					"$(inherited)",
					"@executable_path/Frameworks",
				);
				MARKETING_VERSION = 1.0;
				PRODUCT_BUNDLE_IDENTIFIER = "com.Djinsolobzik.VK-AllCups-2022-part2";
				PRODUCT_NAME = "$(TARGET_NAME)";
				SWIFT_EMIT_LOC_STRINGS = YES;
				SWIFT_VERSION = 5.0;
				TARGETED_DEVICE_FAMILY = "1,2";
			};
			name = Release;
		};
/* End XCBuildConfiguration section */

/* Begin XCConfigurationList section */
		0C4AEBCC296854E000D5DD40 /* Build configuration list for PBXProject "VK AllCups 2022 part2" */ = {
			isa = XCConfigurationList;
			buildConfigurations = (
				0C4AEBE3296854E200D5DD40 /* Debug */,
				0C4AEBE4296854E200D5DD40 /* Release */,
			);
			defaultConfigurationIsVisible = 0;
			defaultConfigurationName = Release;
		};
		0C4AEBE5296854E200D5DD40 /* Build configuration list for PBXNativeTarget "VK AllCups 2022 part2" */ = {
			isa = XCConfigurationList;
			buildConfigurations = (
				0C4AEBE6296854E200D5DD40 /* Debug */,
				0C4AEBE7296854E200D5DD40 /* Release */,
			);
			defaultConfigurationIsVisible = 0;
			defaultConfigurationName = Release;
		};
/* End XCConfigurationList section */
	};
	rootObject = 0C4AEBC9296854E000D5DD40 /* Project object */;
}
